// !$*UTF8*$!
{
	archiveVersion = 1;
	classes = {
	};
	objectVersion = 56;
	objects = {

/* Begin PBXBuildFile section */
		BE4920542A3DD1DB00463036 /* AppDelegate.swift in Sources */ = {isa = PBXBuildFile; fileRef = BE4920532A3DD1DB00463036 /* AppDelegate.swift */; };
		BE4920562A3DD1DB00463036 /* SceneDelegate.swift in Sources */ = {isa = PBXBuildFile; fileRef = BE4920552A3DD1DB00463036 /* SceneDelegate.swift */; };
		BE4920582A3DD1DB00463036 /* MainViewController.swift in Sources */ = {isa = PBXBuildFile; fileRef = BE4920572A3DD1DB00463036 /* MainViewController.swift */; };
		BE49205D2A3DD1DC00463036 /* Assets.xcassets in Resources */ = {isa = PBXBuildFile; fileRef = BE49205C2A3DD1DC00463036 /* Assets.xcassets */; };
		BE4920602A3DD1DC00463036 /* LaunchScreen.storyboard in Resources */ = {isa = PBXBuildFile; fileRef = BE49205E2A3DD1DC00463036 /* LaunchScreen.storyboard */; };
		BE4920682A3DD7F200463036 /* Romeo-and-Juliet.txt in Resources */ = {isa = PBXBuildFile; fileRef = BE4920672A3DD7F200463036 /* Romeo-and-Juliet.txt */; };
		BE4920C02A4087B900463036 /* TextToWordsService.swift in Sources */ = {isa = PBXBuildFile; fileRef = BE4920BF2A4087B900463036 /* TextToWordsService.swift */; };
		BE4920C22A40AB5B00463036 /* MainViewModel.swift in Sources */ = {isa = PBXBuildFile; fileRef = BE4920C12A40AB5B00463036 /* MainViewModel.swift */; };
		BE4920C82A41064F00463036 /* SortingOptions.swift in Sources */ = {isa = PBXBuildFile; fileRef = BE4920C72A41064F00463036 /* SortingOptions.swift */; };
		BE4920CA2A41065600463036 /* Word.swift in Sources */ = {isa = PBXBuildFile; fileRef = BE4920C92A41065600463036 /* Word.swift */; };
/* End PBXBuildFile section */

/* Begin PBXFileReference section */
		BE4920502A3DD1DB00463036 /* FirstAssignment.app */ = {isa = PBXFileReference; explicitFileType = wrapper.application; includeInIndex = 0; path = FirstAssignment.app; sourceTree = BUILT_PRODUCTS_DIR; };
		BE4920532A3DD1DB00463036 /* AppDelegate.swift */ = {isa = PBXFileReference; lastKnownFileType = sourcecode.swift; path = AppDelegate.swift; sourceTree = "<group>"; };
		BE4920552A3DD1DB00463036 /* SceneDelegate.swift */ = {isa = PBXFileReference; lastKnownFileType = sourcecode.swift; path = SceneDelegate.swift; sourceTree = "<group>"; };
		BE4920572A3DD1DB00463036 /* MainViewController.swift */ = {isa = PBXFileReference; lastKnownFileType = sourcecode.swift; path = MainViewController.swift; sourceTree = "<group>"; };
		BE49205C2A3DD1DC00463036 /* Assets.xcassets */ = {isa = PBXFileReference; lastKnownFileType = folder.assetcatalog; path = Assets.xcassets; sourceTree = "<group>"; };
		BE49205F2A3DD1DC00463036 /* Base */ = {isa = PBXFileReference; lastKnownFileType = file.storyboard; name = Base; path = Base.lproj/LaunchScreen.storyboard; sourceTree = "<group>"; };
		BE4920612A3DD1DC00463036 /* Info.plist */ = {isa = PBXFileReference; lastKnownFileType = text.plist.xml; path = Info.plist; sourceTree = "<group>"; };
		BE4920672A3DD7F200463036 /* Romeo-and-Juliet.txt */ = {isa = PBXFileReference; fileEncoding = 30; lastKnownFileType = text; path = "Romeo-and-Juliet.txt"; sourceTree = "<group>"; };
		BE4920BF2A4087B900463036 /* TextToWordsService.swift */ = {isa = PBXFileReference; lastKnownFileType = sourcecode.swift; path = TextToWordsService.swift; sourceTree = "<group>"; };
		BE4920C12A40AB5B00463036 /* MainViewModel.swift */ = {isa = PBXFileReference; lastKnownFileType = sourcecode.swift; path = MainViewModel.swift; sourceTree = "<group>"; };
		BE4920C72A41064F00463036 /* SortingOptions.swift */ = {isa = PBXFileReference; lastKnownFileType = sourcecode.swift; path = SortingOptions.swift; sourceTree = "<group>"; };
		BE4920C92A41065600463036 /* Word.swift */ = {isa = PBXFileReference; lastKnownFileType = sourcecode.swift; path = Word.swift; sourceTree = "<group>"; };
/* End PBXFileReference section */

/* Begin PBXFrameworksBuildPhase section */
		BE49204D2A3DD1DB00463036 /* Frameworks */ = {
			isa = PBXFrameworksBuildPhase;
			buildActionMask = 2147483647;
			files = (
			);
			runOnlyForDeploymentPostprocessing = 0;
		};
/* End PBXFrameworksBuildPhase section */

/* Begin PBXGroup section */
		BE4920472A3DD1DB00463036 = {
			isa = PBXGroup;
			children = (
				BE4920522A3DD1DB00463036 /* FirstAssignment */,
				BE4920512A3DD1DB00463036 /* Products */,
			);
			sourceTree = "<group>";
		};
		BE4920512A3DD1DB00463036 /* Products */ = {
			isa = PBXGroup;
			children = (
				BE4920502A3DD1DB00463036 /* FirstAssignment.app */,
			);
			name = Products;
			sourceTree = "<group>";
		};
		BE4920522A3DD1DB00463036 /* FirstAssignment */ = {
			isa = PBXGroup;
			children = (
				BE4920BB2A407EBD00463036 /* Application */,
				BE4920BC2A4084C000463036 /* Services */,
				BE4920BD2A4084CF00463036 /* Screens */,
				BE4920BA2A407E3800463036 /* Resources */,
			);
			path = FirstAssignment;
			sourceTree = "<group>";
		};
		BE4920BA2A407E3800463036 /* Resources */ = {
			isa = PBXGroup;
			children = (
				BE4920672A3DD7F200463036 /* Romeo-and-Juliet.txt */,
				BE49205C2A3DD1DC00463036 /* Assets.xcassets */,
				BE49205E2A3DD1DC00463036 /* LaunchScreen.storyboard */,
				BE4920612A3DD1DC00463036 /* Info.plist */,
			);
			path = Resources;
			sourceTree = "<group>";
		};
		BE4920BB2A407EBD00463036 /* Application */ = {
			isa = PBXGroup;
			children = (
				BE4920532A3DD1DB00463036 /* AppDelegate.swift */,
				BE4920552A3DD1DB00463036 /* SceneDelegate.swift */,
			);
			path = Application;
			sourceTree = "<group>";
		};
		BE4920BC2A4084C000463036 /* Services */ = {
			isa = PBXGroup;
			children = (
				BE4920CB2A410B2A00463036 /* TextToWordsService */,
			);
			path = Services;
			sourceTree = "<group>";
		};
		BE4920BD2A4084CF00463036 /* Screens */ = {
			isa = PBXGroup;
			children = (
				BE4920BE2A4084D500463036 /* Main */,
			);
			path = Screens;
			sourceTree = "<group>";
		};
		BE4920BE2A4084D500463036 /* Main */ = {
			isa = PBXGroup;
			children = (
				BE4920C32A4102BE00463036 /* Views */,
				BE4920C42A4102C400463036 /* ViewModels */,
				BE4920C62A41063B00463036 /* Models */,
			);
			path = Main;
			sourceTree = "<group>";
		};
		BE4920C32A4102BE00463036 /* Views */ = {
			isa = PBXGroup;
			children = (
				BE4920572A3DD1DB00463036 /* MainViewController.swift */,
			);
			path = Views;
			sourceTree = "<group>";
		};
		BE4920C42A4102C400463036 /* ViewModels */ = {
			isa = PBXGroup;
			children = (
				BE4920C12A40AB5B00463036 /* MainViewModel.swift */,
			);
			path = ViewModels;
			sourceTree = "<group>";
		};
		BE4920C62A41063B00463036 /* Models */ = {
			isa = PBXGroup;
			children = (
				BE4920C72A41064F00463036 /* SortingOptions.swift */,
			);
			path = Models;
			sourceTree = "<group>";
		};
		BE4920CB2A410B2A00463036 /* TextToWordsService */ = {
			isa = PBXGroup;
			children = (
				BE4920BF2A4087B900463036 /* TextToWordsService.swift */,
				BE4920C92A41065600463036 /* Word.swift */,
			);
			path = TextToWordsService;
			sourceTree = "<group>";
		};
/* End PBXGroup section */

/* Begin PBXNativeTarget section */
		BE49204F2A3DD1DB00463036 /* FirstAssignment */ = {
			isa = PBXNativeTarget;
			buildConfigurationList = BE4920642A3DD1DC00463036 /* Build configuration list for PBXNativeTarget "FirstAssignment" */;
			buildPhases = (
				BE49204C2A3DD1DB00463036 /* Sources */,
				BE49204D2A3DD1DB00463036 /* Frameworks */,
				BE49204E2A3DD1DB00463036 /* Resources */,
			);
			buildRules = (
			);
			dependencies = (
			);
			name = FirstAssignment;
			productName = FirstAssignment;
			productReference = BE4920502A3DD1DB00463036 /* FirstAssignment.app */;
			productType = "com.apple.product-type.application";
		};
/* End PBXNativeTarget section */

/* Begin PBXProject section */
		BE4920482A3DD1DB00463036 /* Project object */ = {
			isa = PBXProject;
			attributes = {
				BuildIndependentTargetsInParallel = 1;
				LastSwiftUpdateCheck = 1430;
				LastUpgradeCheck = 1430;
				TargetAttributes = {
					BE49204F2A3DD1DB00463036 = {
						CreatedOnToolsVersion = 14.3.1;
					};
				};
			};
			buildConfigurationList = BE49204B2A3DD1DB00463036 /* Build configuration list for PBXProject "FirstAssignment" */;
			compatibilityVersion = "Xcode 14.0";
			developmentRegion = en;
			hasScannedForEncodings = 0;
			knownRegions = (
				en,
				Base,
			);
			mainGroup = BE4920472A3DD1DB00463036;
			productRefGroup = BE4920512A3DD1DB00463036 /* Products */;
			projectDirPath = "";
			projectRoot = "";
			targets = (
				BE49204F2A3DD1DB00463036 /* FirstAssignment */,
			);
		};
/* End PBXProject section */

/* Begin PBXResourcesBuildPhase section */
		BE49204E2A3DD1DB00463036 /* Resources */ = {
			isa = PBXResourcesBuildPhase;
			buildActionMask = 2147483647;
			files = (
				BE4920682A3DD7F200463036 /* Romeo-and-Juliet.txt in Resources */,
				BE4920602A3DD1DC00463036 /* LaunchScreen.storyboard in Resources */,
				BE49205D2A3DD1DC00463036 /* Assets.xcassets in Resources */,
			);
			runOnlyForDeploymentPostprocessing = 0;
		};
/* End PBXResourcesBuildPhase section */

/* Begin PBXSourcesBuildPhase section */
		BE49204C2A3DD1DB00463036 /* Sources */ = {
			isa = PBXSourcesBuildPhase;
			buildActionMask = 2147483647;
			files = (
				BE4920C22A40AB5B00463036 /* MainViewModel.swift in Sources */,
				BE4920CA2A41065600463036 /* Word.swift in Sources */,
				BE4920C82A41064F00463036 /* SortingOptions.swift in Sources */,
				BE4920582A3DD1DB00463036 /* MainViewController.swift in Sources */,
				BE4920C02A4087B900463036 /* TextToWordsService.swift in Sources */,
				BE4920542A3DD1DB00463036 /* AppDelegate.swift in Sources */,
				BE4920562A3DD1DB00463036 /* SceneDelegate.swift in Sources */,
			);
			runOnlyForDeploymentPostprocessing = 0;
		};
/* End PBXSourcesBuildPhase section */

/* Begin PBXVariantGroup section */
		BE49205E2A3DD1DC00463036 /* LaunchScreen.storyboard */ = {
			isa = PBXVariantGroup;
			children = (
				BE49205F2A3DD1DC00463036 /* Base */,
			);
			name = LaunchScreen.storyboard;
			sourceTree = "<group>";
		};
/* End PBXVariantGroup section */

/* Begin XCBuildConfiguration section */
		BE4920622A3DD1DC00463036 /* Debug */ = {
			isa = XCBuildConfiguration;
			buildSettings = {
				ALWAYS_SEARCH_USER_PATHS = NO;
				CLANG_ANALYZER_NONNULL = YES;
				CLANG_ANALYZER_NUMBER_OBJECT_CONVERSION = YES_AGGRESSIVE;
				CLANG_CXX_LANGUAGE_STANDARD = "gnu++20";
				CLANG_ENABLE_MODULES = YES;
				CLANG_ENABLE_OBJC_ARC = YES;
				CLANG_ENABLE_OBJC_WEAK = YES;
				CLANG_WARN_BLOCK_CAPTURE_AUTORELEASING = YES;
				CLANG_WARN_BOOL_CONVERSION = YES;
				CLANG_WARN_COMMA = YES;
				CLANG_WARN_CONSTANT_CONVERSION = YES;
				CLANG_WARN_DEPRECATED_OBJC_IMPLEMENTATIONS = YES;
				CLANG_WARN_DIRECT_OBJC_ISA_USAGE = YES_ERROR;
				CLANG_WARN_DOCUMENTATION_COMMENTS = YES;
				CLANG_WARN_EMPTY_BODY = YES;
				CLANG_WARN_ENUM_CONVERSION = YES;
				CLANG_WARN_INFINITE_RECURSION = YES;
				CLANG_WARN_INT_CONVERSION = YES;
				CLANG_WARN_NON_LITERAL_NULL_CONVERSION = YES;
				CLANG_WARN_OBJC_IMPLICIT_RETAIN_SELF = YES;
				CLANG_WARN_OBJC_LITERAL_CONVERSION = YES;
				CLANG_WARN_OBJC_ROOT_CLASS = YES_ERROR;
				CLANG_WARN_QUOTED_INCLUDE_IN_FRAMEWORK_HEADER = YES;
				CLANG_WARN_RANGE_LOOP_ANALYSIS = YES;
				CLANG_WARN_STRICT_PROTOTYPES = YES;
				CLANG_WARN_SUSPICIOUS_MOVE = YES;
				CLANG_WARN_UNGUARDED_AVAILABILITY = YES_AGGRESSIVE;
				CLANG_WARN_UNREACHABLE_CODE = YES;
				CLANG_WARN__DUPLICATE_METHOD_MATCH = YES;
				COPY_PHASE_STRIP = NO;
				DEBUG_INFORMATION_FORMAT = dwarf;
				ENABLE_STRICT_OBJC_MSGSEND = YES;
				ENABLE_TESTABILITY = YES;
				GCC_C_LANGUAGE_STANDARD = gnu11;
				GCC_DYNAMIC_NO_PIC = NO;
				GCC_NO_COMMON_BLOCKS = YES;
				GCC_OPTIMIZATION_LEVEL = 0;
				GCC_PREPROCESSOR_DEFINITIONS = (
					"DEBUG=1",
					"$(inherited)",
				);
				GCC_WARN_64_TO_32_BIT_CONVERSION = YES;
				GCC_WARN_ABOUT_RETURN_TYPE = YES_ERROR;
				GCC_WARN_UNDECLARED_SELECTOR = YES;
				GCC_WARN_UNINITIALIZED_AUTOS = YES_AGGRESSIVE;
				GCC_WARN_UNUSED_FUNCTION = YES;
				GCC_WARN_UNUSED_VARIABLE = YES;
				IPHONEOS_DEPLOYMENT_TARGET = 16.4;
				MTL_ENABLE_DEBUG_INFO = INCLUDE_SOURCE;
				MTL_FAST_MATH = YES;
				ONLY_ACTIVE_ARCH = YES;
				SDKROOT = iphoneos;
				SWIFT_ACTIVE_COMPILATION_CONDITIONS = DEBUG;
				SWIFT_OPTIMIZATION_LEVEL = "-Onone";
			};
			name = Debug;
		};
		BE4920632A3DD1DC00463036 /* Release */ = {
			isa = XCBuildConfiguration;
			buildSettings = {
				ALWAYS_SEARCH_USER_PATHS = NO;
				CLANG_ANALYZER_NONNULL = YES;
				CLANG_ANALYZER_NUMBER_OBJECT_CONVERSION = YES_AGGRESSIVE;
				CLANG_CXX_LANGUAGE_STANDARD = "gnu++20";
				CLANG_ENABLE_MODULES = YES;
				CLANG_ENABLE_OBJC_ARC = YES;
				CLANG_ENABLE_OBJC_WEAK = YES;
				CLANG_WARN_BLOCK_CAPTURE_AUTORELEASING = YES;
				CLANG_WARN_BOOL_CONVERSION = YES;
				CLANG_WARN_COMMA = YES;
				CLANG_WARN_CONSTANT_CONVERSION = YES;
				CLANG_WARN_DEPRECATED_OBJC_IMPLEMENTATIONS = YES;
				CLANG_WARN_DIRECT_OBJC_ISA_USAGE = YES_ERROR;
				CLANG_WARN_DOCUMENTATION_COMMENTS = YES;
				CLANG_WARN_EMPTY_BODY = YES;
				CLANG_WARN_ENUM_CONVERSION = YES;
				CLANG_WARN_INFINITE_RECURSION = YES;
				CLANG_WARN_INT_CONVERSION = YES;
				CLANG_WARN_NON_LITERAL_NULL_CONVERSION = YES;
				CLANG_WARN_OBJC_IMPLICIT_RETAIN_SELF = YES;
				CLANG_WARN_OBJC_LITERAL_CONVERSION = YES;
				CLANG_WARN_OBJC_ROOT_CLASS = YES_ERROR;
				CLANG_WARN_QUOTED_INCLUDE_IN_FRAMEWORK_HEADER = YES;
				CLANG_WARN_RANGE_LOOP_ANALYSIS = YES;
				CLANG_WARN_STRICT_PROTOTYPES = YES;
				CLANG_WARN_SUSPICIOUS_MOVE = YES;
				CLANG_WARN_UNGUARDED_AVAILABILITY = YES_AGGRESSIVE;
				CLANG_WARN_UNREACHABLE_CODE = YES;
				CLANG_WARN__DUPLICATE_METHOD_MATCH = YES;
				COPY_PHASE_STRIP = NO;
				DEBUG_INFORMATION_FORMAT = "dwarf-with-dsym";
				ENABLE_NS_ASSERTIONS = NO;
				ENABLE_STRICT_OBJC_MSGSEND = YES;
				GCC_C_LANGUAGE_STANDARD = gnu11;
				GCC_NO_COMMON_BLOCKS = YES;
				GCC_WARN_64_TO_32_BIT_CONVERSION = YES;
				GCC_WARN_ABOUT_RETURN_TYPE = YES_ERROR;
				GCC_WARN_UNDECLARED_SELECTOR = YES;
				GCC_WARN_UNINITIALIZED_AUTOS = YES_AGGRESSIVE;
				GCC_WARN_UNUSED_FUNCTION = YES;
				GCC_WARN_UNUSED_VARIABLE = YES;
				IPHONEOS_DEPLOYMENT_TARGET = 16.4;
				MTL_ENABLE_DEBUG_INFO = NO;
				MTL_FAST_MATH = YES;
				SDKROOT = iphoneos;
				SWIFT_COMPILATION_MODE = wholemodule;
				SWIFT_OPTIMIZATION_LEVEL = "-O";
				VALIDATE_PRODUCT = YES;
			};
			name = Release;
		};
		BE4920652A3DD1DC00463036 /* Debug */ = {
			isa = XCBuildConfiguration;
			buildSettings = {
				ASSETCATALOG_COMPILER_APPICON_NAME = AppIcon;
				ASSETCATALOG_COMPILER_GLOBAL_ACCENT_COLOR_NAME = AccentColor;
				CODE_SIGN_STYLE = Automatic;
				CURRENT_PROJECT_VERSION = 1;
				DEVELOPMENT_TEAM = 8Y98YG73DY;
				GENERATE_INFOPLIST_FILE = YES;
				INFOPLIST_FILE = FirstAssignment/Resources/Info.plist;
				INFOPLIST_KEY_UIApplicationSupportsIndirectInputEvents = YES;
				INFOPLIST_KEY_UILaunchStoryboardName = LaunchScreen;
				INFOPLIST_KEY_UISupportedInterfaceOrientations_iPad = "UIInterfaceOrientationPortrait UIInterfaceOrientationPortraitUpsideDown UIInterfaceOrientationLandscapeLeft UIInterfaceOrientationLandscapeRight";
				INFOPLIST_KEY_UISupportedInterfaceOrientations_iPhone = "UIInterfaceOrientationPortrait UIInterfaceOrientationLandscapeLeft UIInterfaceOrientationLandscapeRight";
				LD_RUNPATH_SEARCH_PATHS = (
					"$(inherited)",
					"@executable_path/Frameworks",
				);
				MARKETING_VERSION = 1.0;
				PRODUCT_BUNDLE_IDENTIFIER = com.tsimafeizykau.FirstAssignment;
				PRODUCT_NAME = "$(TARGET_NAME)";
				SWIFT_EMIT_LOC_STRINGS = YES;
				SWIFT_VERSION = 5.0;
				TARGETED_DEVICE_FAMILY = "1,2";
			};
			name = Debug;
		};
		BE4920662A3DD1DC00463036 /* Release */ = {
			isa = XCBuildConfiguration;
			buildSettings = {
				ASSETCATALOG_COMPILER_APPICON_NAME = AppIcon;
				ASSETCATALOG_COMPILER_GLOBAL_ACCENT_COLOR_NAME = AccentColor;
				CODE_SIGN_STYLE = Automatic;
				CURRENT_PROJECT_VERSION = 1;
				DEVELOPMENT_TEAM = 8Y98YG73DY;
				GENERATE_INFOPLIST_FILE = YES;
				INFOPLIST_FILE = FirstAssignment/Resources/Info.plist;
				INFOPLIST_KEY_UIApplicationSupportsIndirectInputEvents = YES;
				INFOPLIST_KEY_UILaunchStoryboardName = LaunchScreen;
				INFOPLIST_KEY_UISupportedInterfaceOrientations_iPad = "UIInterfaceOrientationPortrait UIInterfaceOrientationPortraitUpsideDown UIInterfaceOrientationLandscapeLeft UIInterfaceOrientationLandscapeRight";
				INFOPLIST_KEY_UISupportedInterfaceOrientations_iPhone = "UIInterfaceOrientationPortrait UIInterfaceOrientationLandscapeLeft UIInterfaceOrientationLandscapeRight";
				LD_RUNPATH_SEARCH_PATHS = (
					"$(inherited)",
					"@executable_path/Frameworks",
				);
				MARKETING_VERSION = 1.0;
				PRODUCT_BUNDLE_IDENTIFIER = com.tsimafeizykau.FirstAssignment;
				PRODUCT_NAME = "$(TARGET_NAME)";
				SWIFT_EMIT_LOC_STRINGS = YES;
				SWIFT_VERSION = 5.0;
				TARGETED_DEVICE_FAMILY = "1,2";
			};
			name = Release;
		};
/* End XCBuildConfiguration section */

/* Begin XCConfigurationList section */
		BE49204B2A3DD1DB00463036 /* Build configuration list for PBXProject "FirstAssignment" */ = {
			isa = XCConfigurationList;
			buildConfigurations = (
				BE4920622A3DD1DC00463036 /* Debug */,
				BE4920632A3DD1DC00463036 /* Release */,
			);
			defaultConfigurationIsVisible = 0;
			defaultConfigurationName = Release;
		};
		BE4920642A3DD1DC00463036 /* Build configuration list for PBXNativeTarget "FirstAssignment" */ = {
			isa = XCConfigurationList;
			buildConfigurations = (
				BE4920652A3DD1DC00463036 /* Debug */,
				BE4920662A3DD1DC00463036 /* Release */,
			);
			defaultConfigurationIsVisible = 0;
			defaultConfigurationName = Release;
		};
/* End XCConfigurationList section */
	};
	rootObject = BE4920482A3DD1DB00463036 /* Project object */;
}
